Microsoft Visual Studio Solution File, Format Version 12.00
# Visual Studio Version 17
VisualStudioVersion = 17.5.2.0
MinimumVisualStudioVersion = 10.0.40219.1
Project("{FAE04EC0-301F-11D3-BF4B-00C04F79EFBC}") = "SchoolRunApp.API", "SchoolRunApp.API.csproj", "{194FDFE3-823E-0D91-630D-4A2CC06F739A}"
EndProject
Global
	GlobalSection(SolutionConfigurationPlatforms) = preSolution
		Debug|Any CPU = Debug|Any CPU
		Release|Any CPU = Release|Any CPU
	EndGlobalSection
	GlobalSection(ProjectConfigurationPlatforms) = postSolution
		{194FDFE3-823E-0D91-630D-4A2CC06F739A}.Debug|Any CPU.ActiveCfg = Debug|Any CPU
		{194FDFE3-823E-0D91-630D-4A2CC06F739A}.Debug|Any CPU.Build.0 = Debug|Any CPU
		{194FDFE3-823E-0D91-630D-4A2CC06F739A}.Release|Any CPU.ActiveCfg = Release|Any CPU
		{194FDFE3-823E-0D91-630D-4A2CC06F739A}.Release|Any CPU.Build.0 = Release|Any CPU
	EndGlobalSection
	GlobalSection(SolutionProperties) = preSolution
		HideSolutionNode = FALSE
	EndGlobalSection
	GlobalSection(ExtensibilityGlobals) = postSolution
		SolutionGuid = {18F5FB4A-2406-46C6-969F-8509568772FC}
	EndGlobalSection
EndGlobal
